
Microsoft Visual Studio Solution File, Format Version 12.00
# Visual Studio Version 16
VisualStudioVersion = 16.0.30611.23
MinimumVisualStudioVersion = 10.0.40219.1
Project("{FAE04EC0-301F-11D3-BF4B-00C04F79EFBC}") = "FHTHProject.UWP", "FHTHProject.UWP\FHTHProject.UWP.csproj", "{450B393A-811A-43D3-B344-E254FE0F7F64}"
EndProject
Project("{FAE04EC0-301F-11D3-BF4B-00C04F79EFBC}") = "FHTHProject.Android", "FHTHProject.Android\FHTHProject.Android.csproj", "{C364747A-1BDE-4042-A331-7D133C633F25}"
EndProject
Project("{FAE04EC0-301F-11D3-BF4B-00C04F79EFBC}") = "FHTHProject.iOS", "FHTHProject.iOS\FHTHProject.iOS.csproj", "{611132DE-1843-4B62-B694-5064E56C3CB1}"
EndProject
Project("{FAE04EC0-301F-11D3-BF4B-00C04F79EFBC}") = "FHTHProject", "FHTHProject\FHTHProject.csproj", "{62CCC049-10F3-49A9-97F5-4C52523E70EC}"
EndProject
Global
	GlobalSection(SolutionConfigurationPlatforms) = preSolution
		Debug|Any CPU = Debug|Any CPU
		Debug|ARM = Debug|ARM
		Debug|iPhone = Debug|iPhone
		Debug|iPhoneSimulator = Debug|iPhoneSimulator
		Debug|x64 = Debug|x64
		Debug|x86 = Debug|x86
		Release|Any CPU = Release|Any CPU
		Release|ARM = Release|ARM
		Release|iPhone = Release|iPhone
		Release|iPhoneSimulator = Release|iPhoneSimulator
		Release|x64 = Release|x64
		Release|x86 = Release|x86
	EndGlobalSection
	GlobalSection(ProjectConfigurationPlatforms) = postSolution
		{450B393A-811A-43D3-B344-E254FE0F7F64}.Debug|Any CPU.ActiveCfg = Debug|x86
		{450B393A-811A-43D3-B344-E254FE0F7F64}.Debug|Any CPU.Build.0 = Debug|x86
		{450B393A-811A-43D3-B344-E254FE0F7F64}.Debug|Any CPU.Deploy.0 = Debug|x86
		{450B393A-811A-43D3-B344-E254FE0F7F64}.Debug|ARM.ActiveCfg = Debug|ARM
		{450B393A-811A-43D3-B344-E254FE0F7F64}.Debug|ARM.Build.0 = Debug|ARM
		{450B393A-811A-43D3-B344-E254FE0F7F64}.Debug|ARM.Deploy.0 = Debug|ARM
		{450B393A-811A-43D3-B344-E254FE0F7F64}.Debug|iPhone.ActiveCfg = Debug|x86
		{450B393A-811A-43D3-B344-E254FE0F7F64}.Debug|iPhone.Build.0 = Debug|x86
		{450B393A-811A-43D3-B344-E254FE0F7F64}.Debug|iPhone.Deploy.0 = Debug|x86
		{450B393A-811A-43D3-B344-E254FE0F7F64}.Debug|iPhoneSimulator.ActiveCfg = Debug|x86
		{450B393A-811A-43D3-B344-E254FE0F7F64}.Debug|iPhoneSimulator.Build.0 = Debug|x86
		{450B393A-811A-43D3-B344-E254FE0F7F64}.Debug|iPhoneSimulator.Deploy.0 = Debug|x86
		{450B393A-811A-43D3-B344-E254FE0F7F64}.Debug|x64.ActiveCfg = Debug|x64
		{450B393A-811A-43D3-B344-E254FE0F7F64}.Debug|x64.Build.0 = Debug|x64
		{450B393A-811A-43D3-B344-E254FE0F7F64}.Debug|x64.Deploy.0 = Debug|x64
		{450B393A-811A-43D3-B344-E254FE0F7F64}.Debug|x86.ActiveCfg = Debug|x86
		{450B393A-811A-43D3-B344-E254FE0F7F64}.Debug|x86.Build.0 = Debug|x86
		{450B393A-811A-43D3-B344-E254FE0F7F64}.Debug|x86.Deploy.0 = Debug|x86
		{450B393A-811A-43D3-B344-E254FE0F7F64}.Release|Any CPU.ActiveCfg = Release|x86
		{450B393A-811A-43D3-B344-E254FE0F7F64}.Release|Any CPU.Build.0 = Release|x86
		{450B393A-811A-43D3-B344-E254FE0F7F64}.Release|Any CPU.Deploy.0 = Release|x86
		{450B393A-811A-43D3-B344-E254FE0F7F64}.Release|ARM.ActiveCfg = Release|ARM
		{450B393A-811A-43D3-B344-E254FE0F7F64}.Release|ARM.Build.0 = Release|ARM
		{450B393A-811A-43D3-B344-E254FE0F7F64}.Release|ARM.Deploy.0 = Release|ARM
		{450B393A-811A-43D3-B344-E254FE0F7F64}.Release|iPhone.ActiveCfg = Release|x86
		{450B393A-811A-43D3-B344-E254FE0F7F64}.Release|iPhone.Build.0 = Release|x86
		{450B393A-811A-43D3-B344-E254FE0F7F64}.Release|iPhone.Deploy.0 = Release|x86
		{450B393A-811A-43D3-B344-E254FE0F7F64}.Release|iPhoneSimulator.ActiveCfg = Release|x86
		{450B393A-811A-43D3-B344-E254FE0F7F64}.Release|iPhoneSimulator.Build.0 = Release|x86
		{450B393A-811A-43D3-B344-E254FE0F7F64}.Release|iPhoneSimulator.Deploy.0 = Release|x86
		{450B393A-811A-43D3-B344-E254FE0F7F64}.Release|x64.ActiveCfg = Release|x64
		{450B393A-811A-43D3-B344-E254FE0F7F64}.Release|x64.Build.0 = Release|x64
		{450B393A-811A-43D3-B344-E254FE0F7F64}.Release|x64.Deploy.0 = Release|x64
		{450B393A-811A-43D3-B344-E254FE0F7F64}.Release|x86.ActiveCfg = Release|x86
		{450B393A-811A-43D3-B344-E254FE0F7F64}.Release|x86.Build.0 = Release|x86
		{450B393A-811A-43D3-B344-E254FE0F7F64}.Release|x86.Deploy.0 = Release|x86
		{C364747A-1BDE-4042-A331-7D133C633F25}.Debug|Any CPU.ActiveCfg = Debug|Any CPU
		{C364747A-1BDE-4042-A331-7D133C633F25}.Debug|Any CPU.Build.0 = Debug|Any CPU
		{C364747A-1BDE-4042-A331-7D133C633F25}.Debug|Any CPU.Deploy.0 = Debug|Any CPU
		{C364747A-1BDE-4042-A331-7D133C633F25}.Debug|ARM.ActiveCfg = Debug|Any CPU
		{C364747A-1BDE-4042-A331-7D133C633F25}.Debug|ARM.Build.0 = Debug|Any CPU
		{C364747A-1BDE-4042-A331-7D133C633F25}.Debug|ARM.Deploy.0 = Debug|Any CPU
		{C364747A-1BDE-4042-A331-7D133C633F25}.Debug|iPhone.ActiveCfg = Debug|Any CPU
		{C364747A-1BDE-4042-A331-7D133C633F25}.Debug|iPhone.Build.0 = Debug|Any CPU
		{C364747A-1BDE-4042-A331-7D133C633F25}.Debug|iPhone.Deploy.0 = Debug|Any CPU
		{C364747A-1BDE-4042-A331-7D133C633F25}.Debug|iPhoneSimulator.ActiveCfg = Debug|Any CPU
		{C364747A-1BDE-4042-A331-7D133C633F25}.Debug|iPhoneSimulator.Build.0 = Debug|Any CPU
		{C364747A-1BDE-4042-A331-7D133C633F25}.Debug|iPhoneSimulator.Deploy.0 = Debug|Any CPU
		{C364747A-1BDE-4042-A331-7D133C633F25}.Debug|x64.ActiveCfg = Debug|Any CPU
		{C364747A-1BDE-4042-A331-7D133C633F25}.Debug|x64.Build.0 = Debug|Any CPU
		{C364747A-1BDE-4042-A331-7D133C633F25}.Debug|x64.Deploy.0 = Debug|Any CPU
		{C364747A-1BDE-4042-A331-7D133C633F25}.Debug|x86.ActiveCfg = Debug|Any CPU
		{C364747A-1BDE-4042-A331-7D133C633F25}.Debug|x86.Build.0 = Debug|Any CPU
		{C364747A-1BDE-4042-A331-7D133C633F25}.Debug|x86.Deploy.0 = Debug|Any CPU
		{C364747A-1BDE-4042-A331-7D133C633F25}.Release|Any CPU.ActiveCfg = Release|Any CPU
		{C364747A-1BDE-4042-A331-7D133C633F25}.Release|Any CPU.Build.0 = Release|Any CPU
		{C364747A-1BDE-4042-A331-7D133C633F25}.Release|Any CPU.Deploy.0 = Release|Any CPU
		{C364747A-1BDE-4042-A331-7D133C633F25}.Release|ARM.ActiveCfg = Release|Any CPU
		{C364747A-1BDE-4042-A331-7D133C633F25}.Release|ARM.Build.0 = Release|Any CPU
		{C364747A-1BDE-4042-A331-7D133C633F25}.Release|ARM.Deploy.0 = Release|Any CPU
		{C364747A-1BDE-4042-A331-7D133C633F25}.Release|iPhone.ActiveCfg = Release|Any CPU
		{C364747A-1BDE-4042-A331-7D133C633F25}.Release|iPhone.Build.0 = Release|Any CPU
		{C364747A-1BDE-4042-A331-7D133C633F25}.Release|iPhone.Deploy.0 = Release|Any CPU
		{C364747A-1BDE-4042-A331-7D133C633F25}.Release|iPhoneSimulator.ActiveCfg = Release|Any CPU
		{C364747A-1BDE-4042-A331-7D133C633F25}.Release|iPhoneSimulator.Build.0 = Release|Any CPU
		{C364747A-1BDE-4042-A331-7D133C633F25}.Release|iPhoneSimulator.Deploy.0 = Release|Any CPU
		{C364747A-1BDE-4042-A331-7D133C633F25}.Release|x64.ActiveCfg = Release|Any CPU
		{C364747A-1BDE-4042-A331-7D133C633F25}.Release|x64.Build.0 = Release|Any CPU
		{C364747A-1BDE-4042-A331-7D133C633F25}.Release|x64.Deploy.0 = Release|Any CPU
		{C364747A-1BDE-4042-A331-7D133C633F25}.Release|x86.ActiveCfg = Release|Any CPU
		{C364747A-1BDE-4042-A331-7D133C633F25}.Release|x86.Build.0 = Release|Any CPU
		{C364747A-1BDE-4042-A331-7D133C633F25}.Release|x86.Deploy.0 = Release|Any CPU
		{611132DE-1843-4B62-B694-5064E56C3CB1}.Debug|Any CPU.ActiveCfg = Debug|iPhoneSimulator
		{611132DE-1843-4B62-B694-5064E56C3CB1}.Debug|Any CPU.Build.0 = Debug|iPhoneSimulator
		{611132DE-1843-4B62-B694-5064E56C3CB1}.Debug|Any CPU.Deploy.0 = Debug|iPhoneSimulator
		{611132DE-1843-4B62-B694-5064E56C3CB1}.Debug|ARM.ActiveCfg = Debug|iPhone
		{611132DE-1843-4B62-B694-5064E56C3CB1}.Debug|ARM.Build.0 = Debug|iPhone
		{611132DE-1843-4B62-B694-5064E56C3CB1}.Debug|ARM.Deploy.0 = Debug|iPhone
		{611132DE-1843-4B62-B694-5064E56C3CB1}.Debug|iPhone.ActiveCfg = Debug|iPhone
		{611132DE-1843-4B62-B694-5064E56C3CB1}.Debug|iPhone.Build.0 = Debug|iPhone
		{611132DE-1843-4B62-B694-5064E56C3CB1}.Debug|iPhone.Deploy.0 = Debug|iPhone
		{611132DE-1843-4B62-B694-5064E56C3CB1}.Debug|iPhoneSimulator.ActiveCfg = Debug|iPhoneSimulator
		{611132DE-1843-4B62-B694-5064E56C3CB1}.Debug|iPhoneSimulator.Build.0 = Debug|iPhoneSimulator
		{611132DE-1843-4B62-B694-5064E56C3CB1}.Debug|iPhoneSimulator.Deploy.0 = Debug|iPhoneSimulator
		{611132DE-1843-4B62-B694-5064E56C3CB1}.Debug|x64.ActiveCfg = Debug|iPhoneSimulator
		{611132DE-1843-4B62-B694-5064E56C3CB1}.Debug|x64.Build.0 = Debug|iPhoneSimulator
		{611132DE-1843-4B62-B694-5064E56C3CB1}.Debug|x64.Deploy.0 = Debug|iPhoneSimulator
		{611132DE-1843-4B62-B694-5064E56C3CB1}.Debug|x86.ActiveCfg = Debug|iPhoneSimulator
		{611132DE-1843-4B62-B694-5064E56C3CB1}.Debug|x86.Build.0 = Debug|iPhoneSimulator
		{611132DE-1843-4B62-B694-5064E56C3CB1}.Debug|x86.Deploy.0 = Debug|iPhoneSimulator
		{611132DE-1843-4B62-B694-5064E56C3CB1}.Release|Any CPU.ActiveCfg = Release|iPhoneSimulator
		{611132DE-1843-4B62-B694-5064E56C3CB1}.Release|Any CPU.Build.0 = Release|iPhoneSimulator
		{611132DE-1843-4B62-B694-5064E56C3CB1}.Release|Any CPU.Deploy.0 = Release|iPhoneSimulator
		{611132DE-1843-4B62-B694-5064E56C3CB1}.Release|ARM.ActiveCfg = Release|iPhoneSimulator
		{611132DE-1843-4B62-B694-5064E56C3CB1}.Release|ARM.Build.0 = Release|iPhoneSimulator
		{611132DE-1843-4B62-B694-5064E56C3CB1}.Release|ARM.Deploy.0 = Release|iPhoneSimulator
		{611132DE-1843-4B62-B694-5064E56C3CB1}.Release|iPhone.ActiveCfg = Release|iPhone
		{611132DE-1843-4B62-B694-5064E56C3CB1}.Release|iPhone.Build.0 = Release|iPhone
		{611132DE-1843-4B62-B694-5064E56C3CB1}.Release|iPhone.Deploy.0 = Release|iPhone
		{611132DE-1843-4B62-B694-5064E56C3CB1}.Release|iPhoneSimulator.ActiveCfg = Release|iPhoneSimulator
		{611132DE-1843-4B62-B694-5064E56C3CB1}.Release|iPhoneSimulator.Build.0 = Release|iPhoneSimulator
		{611132DE-1843-4B62-B694-5064E56C3CB1}.Release|iPhoneSimulator.Deploy.0 = Release|iPhoneSimulator
		{611132DE-1843-4B62-B694-5064E56C3CB1}.Release|x64.ActiveCfg = Release|iPhoneSimulator
		{611132DE-1843-4B62-B694-5064E56C3CB1}.Release|x64.Build.0 = Release|iPhoneSimulator
		{611132DE-1843-4B62-B694-5064E56C3CB1}.Release|x64.Deploy.0 = Release|iPhoneSimulator
		{611132DE-1843-4B62-B694-5064E56C3CB1}.Release|x86.ActiveCfg = Release|iPhoneSimulator
		{611132DE-1843-4B62-B694-5064E56C3CB1}.Release|x86.Build.0 = Release|iPhoneSimulator
		{611132DE-1843-4B62-B694-5064E56C3CB1}.Release|x86.Deploy.0 = Release|iPhoneSimulator
		{62CCC049-10F3-49A9-97F5-4C52523E70EC}.Debug|Any CPU.ActiveCfg = Debug|Any CPU
		{62CCC049-10F3-49A9-97F5-4C52523E70EC}.Debug|Any CPU.Build.0 = Debug|Any CPU
		{62CCC049-10F3-49A9-97F5-4C52523E70EC}.Debug|Any CPU.Deploy.0 = Debug|Any CPU
		{62CCC049-10F3-49A9-97F5-4C52523E70EC}.Debug|ARM.ActiveCfg = Debug|Any CPU
		{62CCC049-10F3-49A9-97F5-4C52523E70EC}.Debug|ARM.Build.0 = Debug|Any CPU
		{62CCC049-10F3-49A9-97F5-4C52523E70EC}.Debug|ARM.Deploy.0 = Debug|Any CPU
		{62CCC049-10F3-49A9-97F5-4C52523E70EC}.Debug|iPhone.ActiveCfg = Debug|Any CPU
		{62CCC049-10F3-49A9-97F5-4C52523E70EC}.Debug|iPhone.Build.0 = Debug|Any CPU
		{62CCC049-10F3-49A9-97F5-4C52523E70EC}.Debug|iPhone.Deploy.0 = Debug|Any CPU
		{62CCC049-10F3-49A9-97F5-4C52523E70EC}.Debug|iPhoneSimulator.ActiveCfg = Debug|Any CPU
		{62CCC049-10F3-49A9-97F5-4C52523E70EC}.Debug|iPhoneSimulator.Build.0 = Debug|Any CPU
		{62CCC049-10F3-49A9-97F5-4C52523E70EC}.Debug|iPhoneSimulator.Deploy.0 = Debug|Any CPU
		{62CCC049-10F3-49A9-97F5-4C52523E70EC}.Debug|x64.ActiveCfg = Debug|Any CPU
		{62CCC049-10F3-49A9-97F5-4C52523E70EC}.Debug|x64.Build.0 = Debug|Any CPU
		{62CCC049-10F3-49A9-97F5-4C52523E70EC}.Debug|x64.Deploy.0 = Debug|Any CPU
		{62CCC049-10F3-49A9-97F5-4C52523E70EC}.Debug|x86.ActiveCfg = Debug|Any CPU
		{62CCC049-10F3-49A9-97F5-4C52523E70EC}.Debug|x86.Build.0 = Debug|Any CPU
		{62CCC049-10F3-49A9-97F5-4C52523E70EC}.Debug|x86.Deploy.0 = Debug|Any CPU
		{62CCC049-10F3-49A9-97F5-4C52523E70EC}.Release|Any CPU.ActiveCfg = Release|Any CPU
		{62CCC049-10F3-49A9-97F5-4C52523E70EC}.Release|Any CPU.Build.0 = Release|Any CPU
		{62CCC049-10F3-49A9-97F5-4C52523E70EC}.Release|Any CPU.Deploy.0 = Release|Any CPU
		{62CCC049-10F3-49A9-97F5-4C52523E70EC}.Release|ARM.ActiveCfg = Release|Any CPU
		{62CCC049-10F3-49A9-97F5-4C52523E70EC}.Release|ARM.Build.0 = Release|Any CPU
		{62CCC049-10F3-49A9-97F5-4C52523E70EC}.Release|ARM.Deploy.0 = Release|Any CPU
		{62CCC049-10F3-49A9-97F5-4C52523E70EC}.Release|iPhone.ActiveCfg = Release|Any CPU
		{62CCC049-10F3-49A9-97F5-4C52523E70EC}.Release|iPhone.Build.0 = Release|Any CPU
		{62CCC049-10F3-49A9-97F5-4C52523E70EC}.Release|iPhone.Deploy.0 = Release|Any CPU
		{62CCC049-10F3-49A9-97F5-4C52523E70EC}.Release|iPhoneSimulator.ActiveCfg = Release|Any CPU
		{62CCC049-10F3-49A9-97F5-4C52523E70EC}.Release|iPhoneSimulator.Build.0 = Release|Any CPU
		{62CCC049-10F3-49A9-97F5-4C52523E70EC}.Release|iPhoneSimulator.Deploy.0 = Release|Any CPU
		{62CCC049-10F3-49A9-97F5-4C52523E70EC}.Release|x64.ActiveCfg = Release|Any CPU
		{62CCC049-10F3-49A9-97F5-4C52523E70EC}.Release|x64.Build.0 = Release|Any CPU
		{62CCC049-10F3-49A9-97F5-4C52523E70EC}.Release|x64.Deploy.0 = Release|Any CPU
		{62CCC049-10F3-49A9-97F5-4C52523E70EC}.Release|x86.ActiveCfg = Release|Any CPU
		{62CCC049-10F3-49A9-97F5-4C52523E70EC}.Release|x86.Build.0 = Release|Any CPU
		{62CCC049-10F3-49A9-97F5-4C52523E70EC}.Release|x86.Deploy.0 = Release|Any CPU
	EndGlobalSection
	GlobalSection(SolutionProperties) = preSolution
		HideSolutionNode = FALSE
	EndGlobalSection
	GlobalSection(ExtensibilityGlobals) = postSolution
		SolutionGuid = {DAAAC100-598E-4A58-8C36-EA4593BBDC36}
	EndGlobalSection
EndGlobal
